
Microsoft Visual Studio Solution File, Format Version 12.00
# Visual Studio 15
VisualStudioVersion = 15.0.28307.136
MinimumVisualStudioVersion = 10.0.40219.1
Project("{FAE04EC0-301F-11D3-BF4B-00C04F79EFBC}") = "SCConsole", "SCConsole\SCConsole.csproj", "{DD015A4D-CF62-4A07-AD17-97DA56ADB8F6}"
EndProject
Project("{FAE04EC0-301F-11D3-BF4B-00C04F79EFBC}") = "SCLib", "SCLib\SCLib.csproj", "{38C69DEA-19D6-4FCF-A171-E183A9D2526D}"
EndProject
Global
	GlobalSection(SolutionConfigurationPlatforms) = preSolution
		Debug|Any CPU = Debug|Any CPU
		Release|Any CPU = Release|Any CPU
	EndGlobalSection
	GlobalSection(ProjectConfigurationPlatforms) = postSolution
		{DD015A4D-CF62-4A07-AD17-97DA56ADB8F6}.Debug|Any CPU.ActiveCfg = Debug|Any CPU
		{DD015A4D-CF62-4A07-AD17-97DA56ADB8F6}.Debug|Any CPU.Build.0 = Debug|Any CPU
		{DD015A4D-CF62-4A07-AD17-97DA56ADB8F6}.Release|Any CPU.ActiveCfg = Release|Any CPU
		{DD015A4D-CF62-4A07-AD17-97DA56ADB8F6}.Release|Any CPU.Build.0 = Release|Any CPU
		{38C69DEA-19D6-4FCF-A171-E183A9D2526D}.Debug|Any CPU.ActiveCfg = Debug|Any CPU
		{38C69DEA-19D6-4FCF-A171-E183A9D2526D}.Debug|Any CPU.Build.0 = Debug|Any CPU
		{38C69DEA-19D6-4FCF-A171-E183A9D2526D}.Release|Any CPU.ActiveCfg = Release|Any CPU
		{38C69DEA-19D6-4FCF-A171-E183A9D2526D}.Release|Any CPU.Build.0 = Release|Any CPU
	EndGlobalSection
	GlobalSection(SolutionProperties) = preSolution
		HideSolutionNode = FALSE
	EndGlobalSection
	GlobalSection(ExtensibilityGlobals) = postSolution
		SolutionGuid = {B52B19B0-61BC-4BC2-AF42-6DC76738F5C9}
	EndGlobalSection
EndGlobal
